
Microsoft Visual Studio Solution File, Format Version 12.00
# Visual Studio Version 16
VisualStudioVersion = 16.0.29123.88
MinimumVisualStudioVersion = 10.0.40219.1
Project("{9A19103F-16F7-4668-BE54-9A1E7A4F7556}") = "IPAddress01", "IPAddress_Ex1\IPAddress01.csproj", "{00FE1648-87F8-453D-86D6-F1F206E6C1B7}"
EndProject
Project("{9A19103F-16F7-4668-BE54-9A1E7A4F7556}") = "Dns01", "DNS\Dns01.csproj", "{E78B38BC-548E-4DEF-B3FF-5EB8A03C1CAC}"
EndProject
Project("{9A19103F-16F7-4668-BE54-9A1E7A4F7556}") = "IPHostEntry01", "IPHostEntry01\IPHostEntry01.csproj", "{BFBBC7C1-69EA-4159-A889-C54E6DAA4732}"
EndProject
Project("{9A19103F-16F7-4668-BE54-9A1E7A4F7556}") = "IPEndPoint01", "IPEndPoint01\IPEndPoint01.csproj", "{A7981A03-04F6-467C-805F-07C4C2C7D2D3}"
EndProject
Project("{9A19103F-16F7-4668-BE54-9A1E7A4F7556}") = "TcpListener01", "TcpListner01\TcpListener01.csproj", "{C4F30D29-5A95-43C9-9E93-9B0406F3B418}"
EndProject
Project("{9A19103F-16F7-4668-BE54-9A1E7A4F7556}") = "AcceptTcpClient01", "AccetTcpClient01\AcceptTcpClient01.csproj", "{62B06333-5320-4517-8984-144A4742AA97}"
EndProject
Project("{9A19103F-16F7-4668-BE54-9A1E7A4F7556}") = "TcpClient01", "TcpClient01\TcpClient01.csproj", "{348FDFDF-B787-48A1-B16B-E0BF2069096D}"
EndProject
Project("{9A19103F-16F7-4668-BE54-9A1E7A4F7556}") = "TcpListener02_NetworkStream", "TcpListener02_NetworkStream\TcpListener02_NetworkStream.csproj", "{714BA232-1EAF-4681-8CD6-B5BC706AFE1C}"
EndProject
Project("{9A19103F-16F7-4668-BE54-9A1E7A4F7556}") = "TcpClient02_NetworkStream", "TcpClient02_NetworkStream\TcpClient02_NetworkStream.csproj", "{15367D23-0B75-4677-BCBD-B8BCF4DDB7A4}"
EndProject
Project("{FAE04EC0-301F-11D3-BF4B-00C04F79EFBC}") = "TcpListener03_NetworkStream", "TcpListener03_NetworkStream\TcpListener03_NetworkStream.csproj", "{5F6CC6B8-902C-41AE-A1D4-C13481125750}"
EndProject
Project("{FAE04EC0-301F-11D3-BF4B-00C04F79EFBC}") = "TcpClient03_NetworkStream", "TcpClient03_NetworkStream\TcpClient03_NetworkStream.csproj", "{E37BC7ED-2FD7-4A54-954E-B6BA5545433F}"
EndProject
Project("{FAE04EC0-301F-11D3-BF4B-00C04F79EFBC}") = "StreamWriter01_Server", "StreamWriter01_Server\StreamWriter01_Server.csproj", "{0596AC2E-EA29-4AE9-8747-FE250ACBC276}"
EndProject
Project("{FAE04EC0-301F-11D3-BF4B-00C04F79EFBC}") = "StreamRead01_Client", "StreamRead01_Client\StreamRead01_Client.csproj", "{406EC5D4-F28B-453C-9844-E0CC893BB756}"
EndProject
Project("{FAE04EC0-301F-11D3-BF4B-00C04F79EFBC}") = "BinaryWrite01", "BinaryWrite01\BinaryWrite01.csproj", "{6300C35F-C424-44F8-8B38-50281E7565DB}"
EndProject
Project("{FAE04EC0-301F-11D3-BF4B-00C04F79EFBC}") = "BinaryRead01", "BinaryRead01\BinaryRead01.csproj", "{75B6242E-7346-4641-9833-2DC54B411585}"
EndProject
Global
	GlobalSection(SolutionConfigurationPlatforms) = preSolution
		Debug|Any CPU = Debug|Any CPU
		Release|Any CPU = Release|Any CPU
	EndGlobalSection
	GlobalSection(ProjectConfigurationPlatforms) = postSolution
		{00FE1648-87F8-453D-86D6-F1F206E6C1B7}.Debug|Any CPU.ActiveCfg = Debug|Any CPU
		{00FE1648-87F8-453D-86D6-F1F206E6C1B7}.Debug|Any CPU.Build.0 = Debug|Any CPU
		{00FE1648-87F8-453D-86D6-F1F206E6C1B7}.Release|Any CPU.ActiveCfg = Release|Any CPU
		{00FE1648-87F8-453D-86D6-F1F206E6C1B7}.Release|Any CPU.Build.0 = Release|Any CPU
		{E78B38BC-548E-4DEF-B3FF-5EB8A03C1CAC}.Debug|Any CPU.ActiveCfg = Debug|Any CPU
		{E78B38BC-548E-4DEF-B3FF-5EB8A03C1CAC}.Debug|Any CPU.Build.0 = Debug|Any CPU
		{E78B38BC-548E-4DEF-B3FF-5EB8A03C1CAC}.Release|Any CPU.ActiveCfg = Release|Any CPU
		{E78B38BC-548E-4DEF-B3FF-5EB8A03C1CAC}.Release|Any CPU.Build.0 = Release|Any CPU
		{BFBBC7C1-69EA-4159-A889-C54E6DAA4732}.Debug|Any CPU.ActiveCfg = Debug|Any CPU
		{BFBBC7C1-69EA-4159-A889-C54E6DAA4732}.Debug|Any CPU.Build.0 = Debug|Any CPU
		{BFBBC7C1-69EA-4159-A889-C54E6DAA4732}.Release|Any CPU.ActiveCfg = Release|Any CPU
		{BFBBC7C1-69EA-4159-A889-C54E6DAA4732}.Release|Any CPU.Build.0 = Release|Any CPU
		{A7981A03-04F6-467C-805F-07C4C2C7D2D3}.Debug|Any CPU.ActiveCfg = Debug|Any CPU
		{A7981A03-04F6-467C-805F-07C4C2C7D2D3}.Debug|Any CPU.Build.0 = Debug|Any CPU
		{A7981A03-04F6-467C-805F-07C4C2C7D2D3}.Release|Any CPU.ActiveCfg = Release|Any CPU
		{A7981A03-04F6-467C-805F-07C4C2C7D2D3}.Release|Any CPU.Build.0 = Release|Any CPU
		{C4F30D29-5A95-43C9-9E93-9B0406F3B418}.Debug|Any CPU.ActiveCfg = Debug|Any CPU
		{C4F30D29-5A95-43C9-9E93-9B0406F3B418}.Debug|Any CPU.Build.0 = Debug|Any CPU
		{C4F30D29-5A95-43C9-9E93-9B0406F3B418}.Release|Any CPU.ActiveCfg = Release|Any CPU
		{C4F30D29-5A95-43C9-9E93-9B0406F3B418}.Release|Any CPU.Build.0 = Release|Any CPU
		{62B06333-5320-4517-8984-144A4742AA97}.Debug|Any CPU.ActiveCfg = Debug|Any CPU
		{62B06333-5320-4517-8984-144A4742AA97}.Debug|Any CPU.Build.0 = Debug|Any CPU
		{62B06333-5320-4517-8984-144A4742AA97}.Release|Any CPU.ActiveCfg = Release|Any CPU
		{62B06333-5320-4517-8984-144A4742AA97}.Release|Any CPU.Build.0 = Release|Any CPU
		{348FDFDF-B787-48A1-B16B-E0BF2069096D}.Debug|Any CPU.ActiveCfg = Debug|Any CPU
		{348FDFDF-B787-48A1-B16B-E0BF2069096D}.Debug|Any CPU.Build.0 = Debug|Any CPU
		{348FDFDF-B787-48A1-B16B-E0BF2069096D}.Release|Any CPU.ActiveCfg = Release|Any CPU
		{348FDFDF-B787-48A1-B16B-E0BF2069096D}.Release|Any CPU.Build.0 = Release|Any CPU
		{714BA232-1EAF-4681-8CD6-B5BC706AFE1C}.Debug|Any CPU.ActiveCfg = Debug|Any CPU
		{714BA232-1EAF-4681-8CD6-B5BC706AFE1C}.Debug|Any CPU.Build.0 = Debug|Any CPU
		{714BA232-1EAF-4681-8CD6-B5BC706AFE1C}.Release|Any CPU.ActiveCfg = Release|Any CPU
		{714BA232-1EAF-4681-8CD6-B5BC706AFE1C}.Release|Any CPU.Build.0 = Release|Any CPU
		{15367D23-0B75-4677-BCBD-B8BCF4DDB7A4}.Debug|Any CPU.ActiveCfg = Debug|Any CPU
		{15367D23-0B75-4677-BCBD-B8BCF4DDB7A4}.Debug|Any CPU.Build.0 = Debug|Any CPU
		{15367D23-0B75-4677-BCBD-B8BCF4DDB7A4}.Release|Any CPU.ActiveCfg = Release|Any CPU
		{15367D23-0B75-4677-BCBD-B8BCF4DDB7A4}.Release|Any CPU.Build.0 = Release|Any CPU
		{5F6CC6B8-902C-41AE-A1D4-C13481125750}.Debug|Any CPU.ActiveCfg = Debug|Any CPU
		{5F6CC6B8-902C-41AE-A1D4-C13481125750}.Debug|Any CPU.Build.0 = Debug|Any CPU
		{5F6CC6B8-902C-41AE-A1D4-C13481125750}.Release|Any CPU.ActiveCfg = Release|Any CPU
		{5F6CC6B8-902C-41AE-A1D4-C13481125750}.Release|Any CPU.Build.0 = Release|Any CPU
		{E37BC7ED-2FD7-4A54-954E-B6BA5545433F}.Debug|Any CPU.ActiveCfg = Debug|Any CPU
		{E37BC7ED-2FD7-4A54-954E-B6BA5545433F}.Debug|Any CPU.Build.0 = Debug|Any CPU
		{E37BC7ED-2FD7-4A54-954E-B6BA5545433F}.Release|Any CPU.ActiveCfg = Release|Any CPU
		{E37BC7ED-2FD7-4A54-954E-B6BA5545433F}.Release|Any CPU.Build.0 = Release|Any CPU
		{0596AC2E-EA29-4AE9-8747-FE250ACBC276}.Debug|Any CPU.ActiveCfg = Debug|Any CPU
		{0596AC2E-EA29-4AE9-8747-FE250ACBC276}.Debug|Any CPU.Build.0 = Debug|Any CPU
		{0596AC2E-EA29-4AE9-8747-FE250ACBC276}.Release|Any CPU.ActiveCfg = Release|Any CPU
		{0596AC2E-EA29-4AE9-8747-FE250ACBC276}.Release|Any CPU.Build.0 = Release|Any CPU
		{406EC5D4-F28B-453C-9844-E0CC893BB756}.Debug|Any CPU.ActiveCfg = Debug|Any CPU
		{406EC5D4-F28B-453C-9844-E0CC893BB756}.Debug|Any CPU.Build.0 = Debug|Any CPU
		{406EC5D4-F28B-453C-9844-E0CC893BB756}.Release|Any CPU.ActiveCfg = Release|Any CPU
		{406EC5D4-F28B-453C-9844-E0CC893BB756}.Release|Any CPU.Build.0 = Release|Any CPU
		{6300C35F-C424-44F8-8B38-50281E7565DB}.Debug|Any CPU.ActiveCfg = Debug|Any CPU
		{6300C35F-C424-44F8-8B38-50281E7565DB}.Debug|Any CPU.Build.0 = Debug|Any CPU
		{6300C35F-C424-44F8-8B38-50281E7565DB}.Release|Any CPU.ActiveCfg = Release|Any CPU
		{6300C35F-C424-44F8-8B38-50281E7565DB}.Release|Any CPU.Build.0 = Release|Any CPU
		{75B6242E-7346-4641-9833-2DC54B411585}.Debug|Any CPU.ActiveCfg = Debug|Any CPU
		{75B6242E-7346-4641-9833-2DC54B411585}.Debug|Any CPU.Build.0 = Debug|Any CPU
		{75B6242E-7346-4641-9833-2DC54B411585}.Release|Any CPU.ActiveCfg = Release|Any CPU
		{75B6242E-7346-4641-9833-2DC54B411585}.Release|Any CPU.Build.0 = Release|Any CPU
	EndGlobalSection
	GlobalSection(SolutionProperties) = preSolution
		HideSolutionNode = FALSE
	EndGlobalSection
	GlobalSection(ExtensibilityGlobals) = postSolution
		SolutionGuid = {89E15843-9909-4A81-AA53-A7D9E5C10C6F}
	EndGlobalSection
EndGlobal
