
Microsoft Visual Studio Solution File, Format Version 12.00
# Visual Studio Version 16
VisualStudioVersion = 16.0.29123.88
MinimumVisualStudioVersion = 10.0.40219.1
Project("{9A19103F-16F7-4668-BE54-9A1E7A4F7556}") = "IPAddress01", "IPAddress_Ex1\IPAddress01.csproj", "{00FE1648-87F8-453D-86D6-F1F206E6C1B7}"
EndProject
Project("{9A19103F-16F7-4668-BE54-9A1E7A4F7556}") = "Dns01", "DNS\Dns01.csproj", "{E78B38BC-548E-4DEF-B3FF-5EB8A03C1CAC}"
EndProject
Project("{9A19103F-16F7-4668-BE54-9A1E7A4F7556}") = "IPHostEntry01", "IPHostEntry01\IPHostEntry01.csproj", "{BFBBC7C1-69EA-4159-A889-C54E6DAA4732}"
EndProject
Project("{9A19103F-16F7-4668-BE54-9A1E7A4F7556}") = "IPEndPoint01", "IPEndPoint01\IPEndPoint01.csproj", "{A7981A03-04F6-467C-805F-07C4C2C7D2D3}"
EndProject
Project("{9A19103F-16F7-4668-BE54-9A1E7A4F7556}") = "TcpListener01", "TcpListner01\TcpListener01.csproj", "{C4F30D29-5A95-43C9-9E93-9B0406F3B418}"
EndProject
Project("{9A19103F-16F7-4668-BE54-9A1E7A4F7556}") = "AcceptTcpClient01", "AccetTcpClient01\AcceptTcpClient01.csproj", "{62B06333-5320-4517-8984-144A4742AA97}"
EndProject
Project("{9A19103F-16F7-4668-BE54-9A1E7A4F7556}") = "TcpClient01", "TcpClient01\TcpClient01.csproj", "{348FDFDF-B787-48A1-B16B-E0BF2069096D}"
EndProject
Project("{9A19103F-16F7-4668-BE54-9A1E7A4F7556}") = "TcpListener02_NetworkStream", "TcpListener02_NetworkStream\TcpListener02_NetworkStream.csproj", "{714BA232-1EAF-4681-8CD6-B5BC706AFE1C}"
EndProject
Project("{9A19103F-16F7-4668-BE54-9A1E7A4F7556}") = "TcpClient02_NetworkStream", "TcpClient02_NetworkStream\TcpClient02_NetworkStream.csproj", "{15367D23-0B75-4677-BCBD-B8BCF4DDB7A4}"
EndProject
Project("{9A19103F-16F7-4668-BE54-9A1E7A4F7556}") = "TcpListener03_NetworkStream", "TcpListener03_NetworkStream\TcpListener03_NetworkStream.csproj", "{5F6CC6B8-902C-41AE-A1D4-C13481125750}"
EndProject
Project("{9A19103F-16F7-4668-BE54-9A1E7A4F7556}") = "TcpClient03_NetworkStream", "TcpClient03_NetworkStream\TcpClient03_NetworkStream.csproj", "{E37BC7ED-2FD7-4A54-954E-B6BA5545433F}"
EndProject
Project("{9A19103F-16F7-4668-BE54-9A1E7A4F7556}") = "StreamWriter01_Server", "StreamWriter01_Server\StreamWriter01_Server.csproj", "{0596AC2E-EA29-4AE9-8747-FE250ACBC276}"
EndProject
Project("{9A19103F-16F7-4668-BE54-9A1E7A4F7556}") = "StreamRead01_Client", "StreamRead01_Client\StreamRead01_Client.csproj", "{406EC5D4-F28B-453C-9844-E0CC893BB756}"
EndProject
Project("{9A19103F-16F7-4668-BE54-9A1E7A4F7556}") = "BinaryWrite01", "BinaryWrite01\BinaryWrite01.csproj", "{6300C35F-C424-44F8-8B38-50281E7565DB}"
EndProject
Project("{9A19103F-16F7-4668-BE54-9A1E7A4F7556}") = "BinaryRead01", "BinaryRead01\BinaryRead01.csproj", "{75B6242E-7346-4641-9833-2DC54B411585}"
EndProject
Project("{FAE04EC0-301F-11D3-BF4B-00C04F79EFBC}") = "ServerForm", "ServerForm\ServerForm.csproj", "{1BB01C1A-0ED4-4F02-9880-89088897B643}"
EndProject
Project("{FAE04EC0-301F-11D3-BF4B-00C04F79EFBC}") = "ClientForm", "ClientForm\ClientForm.csproj", "{E90D56F5-AF00-452F-8C34-0391B9E0ACFD}"
EndProject
Project("{9A19103F-16F7-4668-BE54-9A1E7A4F7556}") = "Thread01", "Thread01\Thread01.csproj", "{D2CA28B1-E5E9-4D19-80D2-3C12D5A9E322}"
EndProject
Project("{9A19103F-16F7-4668-BE54-9A1E7A4F7556}") = "Thread02", "Thread02\Thread02.csproj", "{C07F127A-7F57-4C21-AD28-80BD0BC9D11D}"
EndProject
Project("{9A19103F-16F7-4668-BE54-9A1E7A4F7556}") = "Thread03", "Thread03\Thread03.csproj", "{F025619C-B3F2-400C-BEFC-9795072CB6AC}"
EndProject
Project("{9A19103F-16F7-4668-BE54-9A1E7A4F7556}") = "Thread04", "Thread04\Thread04.csproj", "{7F21F0BD-C7F1-4E2C-ACD9-28113FEAF712}"
EndProject
Project("{9A19103F-16F7-4668-BE54-9A1E7A4F7556}") = "Thread05", "Thread05\Thread05.csproj", "{BA264967-8B52-4BD7-B0BD-9F139134D195}"
EndProject
Project("{9A19103F-16F7-4668-BE54-9A1E7A4F7556}") = "Thread06", "Thread06\Thread06.csproj", "{D28E0E6D-12D5-49D4-8084-EA7A10F4F601}"
EndProject
Project("{9A19103F-16F7-4668-BE54-9A1E7A4F7556}") = "Thread07", "Thread07\Thread07.csproj", "{69967CA9-DC2C-48F3-B4C8-FFE26BA405EE}"
EndProject
Project("{9A19103F-16F7-4668-BE54-9A1E7A4F7556}") = "Thread0601", "Thread0601\Thread0601.csproj", "{5176A7DF-B253-4494-8675-4569E3729B02}"
EndProject
Project("{9A19103F-16F7-4668-BE54-9A1E7A4F7556}") = "Thread08", "Thread08\Thread08.csproj", "{7EDC0641-D1E5-4E43-87F2-B4E3072F687D}"
EndProject
Project("{FAE04EC0-301F-11D3-BF4B-00C04F79EFBC}") = "Tread09", "Tread09\Tread09.csproj", "{4AA7313F-D458-4F28-94A8-F9B2D6C9A834}"
EndProject
Project("{FAE04EC0-301F-11D3-BF4B-00C04F79EFBC}") = "Server_MultiThread", "Server_MultiThread\Server_MultiThread.csproj", "{6515AE52-3BA4-425D-B3DC-ED87C6E42982}"
EndProject
Project("{FAE04EC0-301F-11D3-BF4B-00C04F79EFBC}") = "ThreadSync_lock01", "ThreadSync_lock\ThreadSync_lock01.csproj", "{6B5FD26F-2922-4F5C-90B3-837FFBD26CA4}"
EndProject
Project("{FAE04EC0-301F-11D3-BF4B-00C04F79EFBC}") = "ThreadSync_lock02", "ThreadSync_lock02\ThreadSync_lock02.csproj", "{5B5F309E-2EC0-4AB1-8526-7C7BB8058261}"
EndProject
Global
	GlobalSection(SolutionConfigurationPlatforms) = preSolution
		Debug|Any CPU = Debug|Any CPU
		Release|Any CPU = Release|Any CPU
	EndGlobalSection
	GlobalSection(ProjectConfigurationPlatforms) = postSolution
		{00FE1648-87F8-453D-86D6-F1F206E6C1B7}.Debug|Any CPU.ActiveCfg = Debug|Any CPU
		{00FE1648-87F8-453D-86D6-F1F206E6C1B7}.Debug|Any CPU.Build.0 = Debug|Any CPU
		{00FE1648-87F8-453D-86D6-F1F206E6C1B7}.Release|Any CPU.ActiveCfg = Release|Any CPU
		{00FE1648-87F8-453D-86D6-F1F206E6C1B7}.Release|Any CPU.Build.0 = Release|Any CPU
		{E78B38BC-548E-4DEF-B3FF-5EB8A03C1CAC}.Debug|Any CPU.ActiveCfg = Debug|Any CPU
		{E78B38BC-548E-4DEF-B3FF-5EB8A03C1CAC}.Debug|Any CPU.Build.0 = Debug|Any CPU
		{E78B38BC-548E-4DEF-B3FF-5EB8A03C1CAC}.Release|Any CPU.ActiveCfg = Release|Any CPU
		{E78B38BC-548E-4DEF-B3FF-5EB8A03C1CAC}.Release|Any CPU.Build.0 = Release|Any CPU
		{BFBBC7C1-69EA-4159-A889-C54E6DAA4732}.Debug|Any CPU.ActiveCfg = Debug|Any CPU
		{BFBBC7C1-69EA-4159-A889-C54E6DAA4732}.Debug|Any CPU.Build.0 = Debug|Any CPU
		{BFBBC7C1-69EA-4159-A889-C54E6DAA4732}.Release|Any CPU.ActiveCfg = Release|Any CPU
		{BFBBC7C1-69EA-4159-A889-C54E6DAA4732}.Release|Any CPU.Build.0 = Release|Any CPU
		{A7981A03-04F6-467C-805F-07C4C2C7D2D3}.Debug|Any CPU.ActiveCfg = Debug|Any CPU
		{A7981A03-04F6-467C-805F-07C4C2C7D2D3}.Debug|Any CPU.Build.0 = Debug|Any CPU
		{A7981A03-04F6-467C-805F-07C4C2C7D2D3}.Release|Any CPU.ActiveCfg = Release|Any CPU
		{A7981A03-04F6-467C-805F-07C4C2C7D2D3}.Release|Any CPU.Build.0 = Release|Any CPU
		{C4F30D29-5A95-43C9-9E93-9B0406F3B418}.Debug|Any CPU.ActiveCfg = Debug|Any CPU
		{C4F30D29-5A95-43C9-9E93-9B0406F3B418}.Debug|Any CPU.Build.0 = Debug|Any CPU
		{C4F30D29-5A95-43C9-9E93-9B0406F3B418}.Release|Any CPU.ActiveCfg = Release|Any CPU
		{C4F30D29-5A95-43C9-9E93-9B0406F3B418}.Release|Any CPU.Build.0 = Release|Any CPU
		{62B06333-5320-4517-8984-144A4742AA97}.Debug|Any CPU.ActiveCfg = Debug|Any CPU
		{62B06333-5320-4517-8984-144A4742AA97}.Debug|Any CPU.Build.0 = Debug|Any CPU
		{62B06333-5320-4517-8984-144A4742AA97}.Release|Any CPU.ActiveCfg = Release|Any CPU
		{62B06333-5320-4517-8984-144A4742AA97}.Release|Any CPU.Build.0 = Release|Any CPU
		{348FDFDF-B787-48A1-B16B-E0BF2069096D}.Debug|Any CPU.ActiveCfg = Debug|Any CPU
		{348FDFDF-B787-48A1-B16B-E0BF2069096D}.Debug|Any CPU.Build.0 = Debug|Any CPU
		{348FDFDF-B787-48A1-B16B-E0BF2069096D}.Release|Any CPU.ActiveCfg = Release|Any CPU
		{348FDFDF-B787-48A1-B16B-E0BF2069096D}.Release|Any CPU.Build.0 = Release|Any CPU
		{714BA232-1EAF-4681-8CD6-B5BC706AFE1C}.Debug|Any CPU.ActiveCfg = Debug|Any CPU
		{714BA232-1EAF-4681-8CD6-B5BC706AFE1C}.Debug|Any CPU.Build.0 = Debug|Any CPU
		{714BA232-1EAF-4681-8CD6-B5BC706AFE1C}.Release|Any CPU.ActiveCfg = Release|Any CPU
		{714BA232-1EAF-4681-8CD6-B5BC706AFE1C}.Release|Any CPU.Build.0 = Release|Any CPU
		{15367D23-0B75-4677-BCBD-B8BCF4DDB7A4}.Debug|Any CPU.ActiveCfg = Debug|Any CPU
		{15367D23-0B75-4677-BCBD-B8BCF4DDB7A4}.Debug|Any CPU.Build.0 = Debug|Any CPU
		{15367D23-0B75-4677-BCBD-B8BCF4DDB7A4}.Release|Any CPU.ActiveCfg = Release|Any CPU
		{15367D23-0B75-4677-BCBD-B8BCF4DDB7A4}.Release|Any CPU.Build.0 = Release|Any CPU
		{5F6CC6B8-902C-41AE-A1D4-C13481125750}.Debug|Any CPU.ActiveCfg = Debug|Any CPU
		{5F6CC6B8-902C-41AE-A1D4-C13481125750}.Debug|Any CPU.Build.0 = Debug|Any CPU
		{5F6CC6B8-902C-41AE-A1D4-C13481125750}.Release|Any CPU.ActiveCfg = Release|Any CPU
		{5F6CC6B8-902C-41AE-A1D4-C13481125750}.Release|Any CPU.Build.0 = Release|Any CPU
		{E37BC7ED-2FD7-4A54-954E-B6BA5545433F}.Debug|Any CPU.ActiveCfg = Debug|Any CPU
		{E37BC7ED-2FD7-4A54-954E-B6BA5545433F}.Debug|Any CPU.Build.0 = Debug|Any CPU
		{E37BC7ED-2FD7-4A54-954E-B6BA5545433F}.Release|Any CPU.ActiveCfg = Release|Any CPU
		{E37BC7ED-2FD7-4A54-954E-B6BA5545433F}.Release|Any CPU.Build.0 = Release|Any CPU
		{0596AC2E-EA29-4AE9-8747-FE250ACBC276}.Debug|Any CPU.ActiveCfg = Debug|Any CPU
		{0596AC2E-EA29-4AE9-8747-FE250ACBC276}.Debug|Any CPU.Build.0 = Debug|Any CPU
		{0596AC2E-EA29-4AE9-8747-FE250ACBC276}.Release|Any CPU.ActiveCfg = Release|Any CPU
		{0596AC2E-EA29-4AE9-8747-FE250ACBC276}.Release|Any CPU.Build.0 = Release|Any CPU
		{406EC5D4-F28B-453C-9844-E0CC893BB756}.Debug|Any CPU.ActiveCfg = Debug|Any CPU
		{406EC5D4-F28B-453C-9844-E0CC893BB756}.Debug|Any CPU.Build.0 = Debug|Any CPU
		{406EC5D4-F28B-453C-9844-E0CC893BB756}.Release|Any CPU.ActiveCfg = Release|Any CPU
		{406EC5D4-F28B-453C-9844-E0CC893BB756}.Release|Any CPU.Build.0 = Release|Any CPU
		{6300C35F-C424-44F8-8B38-50281E7565DB}.Debug|Any CPU.ActiveCfg = Debug|Any CPU
		{6300C35F-C424-44F8-8B38-50281E7565DB}.Debug|Any CPU.Build.0 = Debug|Any CPU
		{6300C35F-C424-44F8-8B38-50281E7565DB}.Release|Any CPU.ActiveCfg = Release|Any CPU
		{6300C35F-C424-44F8-8B38-50281E7565DB}.Release|Any CPU.Build.0 = Release|Any CPU
		{75B6242E-7346-4641-9833-2DC54B411585}.Debug|Any CPU.ActiveCfg = Debug|Any CPU
		{75B6242E-7346-4641-9833-2DC54B411585}.Debug|Any CPU.Build.0 = Debug|Any CPU
		{75B6242E-7346-4641-9833-2DC54B411585}.Release|Any CPU.ActiveCfg = Release|Any CPU
		{75B6242E-7346-4641-9833-2DC54B411585}.Release|Any CPU.Build.0 = Release|Any CPU
		{1BB01C1A-0ED4-4F02-9880-89088897B643}.Debug|Any CPU.ActiveCfg = Debug|Any CPU
		{1BB01C1A-0ED4-4F02-9880-89088897B643}.Debug|Any CPU.Build.0 = Debug|Any CPU
		{1BB01C1A-0ED4-4F02-9880-89088897B643}.Release|Any CPU.ActiveCfg = Release|Any CPU
		{1BB01C1A-0ED4-4F02-9880-89088897B643}.Release|Any CPU.Build.0 = Release|Any CPU
		{E90D56F5-AF00-452F-8C34-0391B9E0ACFD}.Debug|Any CPU.ActiveCfg = Debug|Any CPU
		{E90D56F5-AF00-452F-8C34-0391B9E0ACFD}.Debug|Any CPU.Build.0 = Debug|Any CPU
		{E90D56F5-AF00-452F-8C34-0391B9E0ACFD}.Release|Any CPU.ActiveCfg = Release|Any CPU
		{E90D56F5-AF00-452F-8C34-0391B9E0ACFD}.Release|Any CPU.Build.0 = Release|Any CPU
		{D2CA28B1-E5E9-4D19-80D2-3C12D5A9E322}.Debug|Any CPU.ActiveCfg = Debug|Any CPU
		{D2CA28B1-E5E9-4D19-80D2-3C12D5A9E322}.Debug|Any CPU.Build.0 = Debug|Any CPU
		{D2CA28B1-E5E9-4D19-80D2-3C12D5A9E322}.Release|Any CPU.ActiveCfg = Release|Any CPU
		{D2CA28B1-E5E9-4D19-80D2-3C12D5A9E322}.Release|Any CPU.Build.0 = Release|Any CPU
		{C07F127A-7F57-4C21-AD28-80BD0BC9D11D}.Debug|Any CPU.ActiveCfg = Debug|Any CPU
		{C07F127A-7F57-4C21-AD28-80BD0BC9D11D}.Debug|Any CPU.Build.0 = Debug|Any CPU
		{C07F127A-7F57-4C21-AD28-80BD0BC9D11D}.Release|Any CPU.ActiveCfg = Release|Any CPU
		{C07F127A-7F57-4C21-AD28-80BD0BC9D11D}.Release|Any CPU.Build.0 = Release|Any CPU
		{F025619C-B3F2-400C-BEFC-9795072CB6AC}.Debug|Any CPU.ActiveCfg = Debug|Any CPU
		{F025619C-B3F2-400C-BEFC-9795072CB6AC}.Debug|Any CPU.Build.0 = Debug|Any CPU
		{F025619C-B3F2-400C-BEFC-9795072CB6AC}.Release|Any CPU.ActiveCfg = Release|Any CPU
		{F025619C-B3F2-400C-BEFC-9795072CB6AC}.Release|Any CPU.Build.0 = Release|Any CPU
		{7F21F0BD-C7F1-4E2C-ACD9-28113FEAF712}.Debug|Any CPU.ActiveCfg = Debug|Any CPU
		{7F21F0BD-C7F1-4E2C-ACD9-28113FEAF712}.Debug|Any CPU.Build.0 = Debug|Any CPU
		{7F21F0BD-C7F1-4E2C-ACD9-28113FEAF712}.Release|Any CPU.ActiveCfg = Release|Any CPU
		{7F21F0BD-C7F1-4E2C-ACD9-28113FEAF712}.Release|Any CPU.Build.0 = Release|Any CPU
		{BA264967-8B52-4BD7-B0BD-9F139134D195}.Debug|Any CPU.ActiveCfg = Debug|Any CPU
		{BA264967-8B52-4BD7-B0BD-9F139134D195}.Debug|Any CPU.Build.0 = Debug|Any CPU
		{BA264967-8B52-4BD7-B0BD-9F139134D195}.Release|Any CPU.ActiveCfg = Release|Any CPU
		{BA264967-8B52-4BD7-B0BD-9F139134D195}.Release|Any CPU.Build.0 = Release|Any CPU
		{D28E0E6D-12D5-49D4-8084-EA7A10F4F601}.Debug|Any CPU.ActiveCfg = Debug|Any CPU
		{D28E0E6D-12D5-49D4-8084-EA7A10F4F601}.Debug|Any CPU.Build.0 = Debug|Any CPU
		{D28E0E6D-12D5-49D4-8084-EA7A10F4F601}.Release|Any CPU.ActiveCfg = Release|Any CPU
		{D28E0E6D-12D5-49D4-8084-EA7A10F4F601}.Release|Any CPU.Build.0 = Release|Any CPU
		{69967CA9-DC2C-48F3-B4C8-FFE26BA405EE}.Debug|Any CPU.ActiveCfg = Debug|Any CPU
		{69967CA9-DC2C-48F3-B4C8-FFE26BA405EE}.Debug|Any CPU.Build.0 = Debug|Any CPU
		{69967CA9-DC2C-48F3-B4C8-FFE26BA405EE}.Release|Any CPU.ActiveCfg = Release|Any CPU
		{69967CA9-DC2C-48F3-B4C8-FFE26BA405EE}.Release|Any CPU.Build.0 = Release|Any CPU
		{5176A7DF-B253-4494-8675-4569E3729B02}.Debug|Any CPU.ActiveCfg = Debug|Any CPU
		{5176A7DF-B253-4494-8675-4569E3729B02}.Debug|Any CPU.Build.0 = Debug|Any CPU
		{5176A7DF-B253-4494-8675-4569E3729B02}.Release|Any CPU.ActiveCfg = Release|Any CPU
		{5176A7DF-B253-4494-8675-4569E3729B02}.Release|Any CPU.Build.0 = Release|Any CPU
		{7EDC0641-D1E5-4E43-87F2-B4E3072F687D}.Debug|Any CPU.ActiveCfg = Debug|Any CPU
		{7EDC0641-D1E5-4E43-87F2-B4E3072F687D}.Debug|Any CPU.Build.0 = Debug|Any CPU
		{7EDC0641-D1E5-4E43-87F2-B4E3072F687D}.Release|Any CPU.ActiveCfg = Release|Any CPU
		{7EDC0641-D1E5-4E43-87F2-B4E3072F687D}.Release|Any CPU.Build.0 = Release|Any CPU
		{4AA7313F-D458-4F28-94A8-F9B2D6C9A834}.Debug|Any CPU.ActiveCfg = Debug|Any CPU
		{4AA7313F-D458-4F28-94A8-F9B2D6C9A834}.Debug|Any CPU.Build.0 = Debug|Any CPU
		{4AA7313F-D458-4F28-94A8-F9B2D6C9A834}.Release|Any CPU.ActiveCfg = Release|Any CPU
		{4AA7313F-D458-4F28-94A8-F9B2D6C9A834}.Release|Any CPU.Build.0 = Release|Any CPU
		{6515AE52-3BA4-425D-B3DC-ED87C6E42982}.Debug|Any CPU.ActiveCfg = Debug|Any CPU
		{6515AE52-3BA4-425D-B3DC-ED87C6E42982}.Debug|Any CPU.Build.0 = Debug|Any CPU
		{6515AE52-3BA4-425D-B3DC-ED87C6E42982}.Release|Any CPU.ActiveCfg = Release|Any CPU
		{6515AE52-3BA4-425D-B3DC-ED87C6E42982}.Release|Any CPU.Build.0 = Release|Any CPU
		{6B5FD26F-2922-4F5C-90B3-837FFBD26CA4}.Debug|Any CPU.ActiveCfg = Debug|Any CPU
		{6B5FD26F-2922-4F5C-90B3-837FFBD26CA4}.Debug|Any CPU.Build.0 = Debug|Any CPU
		{6B5FD26F-2922-4F5C-90B3-837FFBD26CA4}.Release|Any CPU.ActiveCfg = Release|Any CPU
		{6B5FD26F-2922-4F5C-90B3-837FFBD26CA4}.Release|Any CPU.Build.0 = Release|Any CPU
		{5B5F309E-2EC0-4AB1-8526-7C7BB8058261}.Debug|Any CPU.ActiveCfg = Debug|Any CPU
		{5B5F309E-2EC0-4AB1-8526-7C7BB8058261}.Debug|Any CPU.Build.0 = Debug|Any CPU
		{5B5F309E-2EC0-4AB1-8526-7C7BB8058261}.Release|Any CPU.ActiveCfg = Release|Any CPU
		{5B5F309E-2EC0-4AB1-8526-7C7BB8058261}.Release|Any CPU.Build.0 = Release|Any CPU
	EndGlobalSection
	GlobalSection(SolutionProperties) = preSolution
		HideSolutionNode = FALSE
	EndGlobalSection
	GlobalSection(ExtensibilityGlobals) = postSolution
		SolutionGuid = {89E15843-9909-4A81-AA53-A7D9E5C10C6F}
	EndGlobalSection
EndGlobal
